
Microsoft Visual Studio Solution File, Format Version 12.00
# Visual Studio 2013
VisualStudioVersion = 12.0.30723.0
MinimumVisualStudioVersion = 10.0.40219.1
Project("{FAE04EC0-301F-11D3-BF4B-00C04F79EFBC}") = "DemoAngular", "DemoAngular\DemoAngular.csproj", "{81106724-6A32-4025-BD2F-05CA617A481A}"
EndProject
Project("{2150E333-8FDC-42A3-9474-1A3956D46DE8}") = "PublishScripts", "PublishScripts", "{083F1117-BCDA-4DB6-9FB9-64410B609D0C}"
	ProjectSection(SolutionItems) = preProject
		PublishScripts\AzureWebsitePublishModule.psm1 = PublishScripts\AzureWebsitePublishModule.psm1
		PublishScripts\Publish-WebApplicationWebsite.ps1 = PublishScripts\Publish-WebApplicationWebsite.ps1
	EndProjectSection
EndProject
Project("{2150E333-8FDC-42A3-9474-1A3956D46DE8}") = "Configurations", "Configurations", "{51B505FE-DD42-44A6-A4AA-5326BD966376}"
	ProjectSection(SolutionItems) = preProject
		PublishScripts\Configurations\DemoAngular-WAWS-dev.json = PublishScripts\Configurations\DemoAngular-WAWS-dev.json
	EndProjectSection
EndProject
Global
	GlobalSection(SolutionConfigurationPlatforms) = preSolution
		Debug|Any CPU = Debug|Any CPU
		Release|Any CPU = Release|Any CPU
	EndGlobalSection
	GlobalSection(ProjectConfigurationPlatforms) = postSolution
		{81106724-6A32-4025-BD2F-05CA617A481A}.Debug|Any CPU.ActiveCfg = Debug|Any CPU
		{81106724-6A32-4025-BD2F-05CA617A481A}.Debug|Any CPU.Build.0 = Debug|Any CPU
		{81106724-6A32-4025-BD2F-05CA617A481A}.Release|Any CPU.ActiveCfg = Release|Any CPU
		{81106724-6A32-4025-BD2F-05CA617A481A}.Release|Any CPU.Build.0 = Release|Any CPU
	EndGlobalSection
	GlobalSection(SolutionProperties) = preSolution
		HideSolutionNode = FALSE
	EndGlobalSection
	GlobalSection(NestedProjects) = preSolution
		{51B505FE-DD42-44A6-A4AA-5326BD966376} = {083F1117-BCDA-4DB6-9FB9-64410B609D0C}
	EndGlobalSection
EndGlobal
